
Microsoft Visual Studio Solution File, Format Version 12.00
# Visual Studio 2013
VisualStudioVersion = 12.0.30723.0
MinimumVisualStudioVersion = 10.0.40219.1
Project("{FAE04EC0-301F-11D3-BF4B-00C04F79EFBC}") = "FileUploadWithAJAX", "FileUploadWithAJAX\FileUploadWithAJAX.csproj", "{A0B0A484-87E7-4B9C-A10B-51AD26654027}"
EndProject
Global
	GlobalSection(SolutionConfigurationPlatforms) = preSolution
		Debug|Any CPU = Debug|Any CPU
		Release|Any CPU = Release|Any CPU
	EndGlobalSection
	GlobalSection(ProjectConfigurationPlatforms) = postSolution
		{A0B0A484-87E7-4B9C-A10B-51AD26654027}.Debug|Any CPU.ActiveCfg = Debug|Any CPU
		{A0B0A484-87E7-4B9C-A10B-51AD26654027}.Debug|Any CPU.Build.0 = Debug|Any CPU
		{A0B0A484-87E7-4B9C-A10B-51AD26654027}.Release|Any CPU.ActiveCfg = Release|Any CPU
		{A0B0A484-87E7-4B9C-A10B-51AD26654027}.Release|Any CPU.Build.0 = Release|Any CPU
	EndGlobalSection
	GlobalSection(SolutionProperties) = preSolution
		HideSolutionNode = FALSE
	EndGlobalSection
EndGlobal
